// !$*UTF8*$!
{
	archiveVersion = 1;
	classes = {
	};
	objectVersion = 50;
	objects = {

/* Begin PBXBuildFile section */
		8A2AFAA120C92F1E002A0B2B /* XrayKitTests.swift in Sources */ = {isa = PBXBuildFile; fileRef = 8A2AFAA020C92F1E002A0B2B /* XrayKitTests.swift */; };
		8A2AFAA320C92F1E002A0B2B /* XrayKit.framework in Frameworks */ = {isa = PBXBuildFile; fileRef = 8A47521F20C7E9B700DD81F3 /* XrayKit.framework */; };
		8A2AFAB820C93E1F002A0B2B /* Quick.framework in CopyFiles */ = {isa = PBXBuildFile; fileRef = 8A2AFAAF20C9371C002A0B2B /* Quick.framework */; settings = {ATTRIBUTES = (CodeSignOnCopy, RemoveHeadersOnCopy, ); }; };
		8A2AFAB920C93E28002A0B2B /* Quick.framework in Frameworks */ = {isa = PBXBuildFile; fileRef = 8A2AFAAF20C9371C002A0B2B /* Quick.framework */; };
		8A2AFABA20C93E31002A0B2B /* Nimble.framework in Frameworks */ = {isa = PBXBuildFile; fileRef = 8A2AFAB120C9371C002A0B2B /* Nimble.framework */; };
		8A2AFABB20C93E31002A0B2B /* OHHTTPStubs.framework in Frameworks */ = {isa = PBXBuildFile; fileRef = 8A2AFAB020C9371C002A0B2B /* OHHTTPStubs.framework */; };
		8A2AFABC20C93E34002A0B2B /* Nimble.framework in CopyFiles */ = {isa = PBXBuildFile; fileRef = 8A2AFAB120C9371C002A0B2B /* Nimble.framework */; settings = {ATTRIBUTES = (CodeSignOnCopy, RemoveHeadersOnCopy, ); }; };
		8A2AFABD20C93E34002A0B2B /* OHHTTPStubs.framework in CopyFiles */ = {isa = PBXBuildFile; fileRef = 8A2AFAB020C9371C002A0B2B /* OHHTTPStubs.framework */; settings = {ATTRIBUTES = (CodeSignOnCopy, RemoveHeadersOnCopy, ); }; };
		8A2AFABF20C93E55002A0B2B /* SQLConnectionSpecs.swift in Sources */ = {isa = PBXBuildFile; fileRef = 8A2AFAAC20C936E6002A0B2B /* SQLConnectionSpecs.swift */; };
		8A47522320C7E9B700DD81F3 /* XrayKit.h in Headers */ = {isa = PBXBuildFile; fileRef = 8A47522120C7E9B700DD81F3 /* XrayKit.h */; settings = {ATTRIBUTES = (Public, ); }; };
		8A47523120C7EA0800DD81F3 /* XrayHTTPBuilder.swift in Sources */ = {isa = PBXBuildFile; fileRef = 8A47522920C7EA0800DD81F3 /* XrayHTTPBuilder.swift */; };
		8A47523220C7EA0800DD81F3 /* Xray.swift in Sources */ = {isa = PBXBuildFile; fileRef = 8A47522A20C7EA0800DD81F3 /* Xray.swift */; };
		8A47523320C7EA0800DD81F3 /* DataPayload.swift in Sources */ = {isa = PBXBuildFile; fileRef = 8A47522B20C7EA0800DD81F3 /* DataPayload.swift */; };
		8A47523420C7EA0800DD81F3 /* Event.swift in Sources */ = {isa = PBXBuildFile; fileRef = 8A47522C20C7EA0800DD81F3 /* Event.swift */; };
		8A47523520C7EA0800DD81F3 /* EventService.swift in Sources */ = {isa = PBXBuildFile; fileRef = 8A47522D20C7EA0800DD81F3 /* EventService.swift */; };
		8A47523620C7EA0800DD81F3 /* DataService.swift in Sources */ = {isa = PBXBuildFile; fileRef = 8A47522E20C7EA0800DD81F3 /* DataService.swift */; };
		8A47523720C7EA0800DD81F3 /* HTTPTransmitter.swift in Sources */ = {isa = PBXBuildFile; fileRef = 8A47522F20C7EA0800DD81F3 /* HTTPTransmitter.swift */; };
		8A47523820C7EA0800DD81F3 /* EventController.swift in Sources */ = {isa = PBXBuildFile; fileRef = 8A47523020C7EA0800DD81F3 /* EventController.swift */; };
		8A47523E20C7F5F400DD81F3 /* EventStore.swift in Sources */ = {isa = PBXBuildFile; fileRef = 8A47523D20C7F5F400DD81F3 /* EventStore.swift */; };
		8A47524120C8034300DD81F3 /* SQLTables.swift in Sources */ = {isa = PBXBuildFile; fileRef = 8A47524020C8034300DD81F3 /* SQLTables.swift */; };
		8A47524320C803B200DD81F3 /* SQLConnection.swift in Sources */ = {isa = PBXBuildFile; fileRef = 8A47524220C803B200DD81F3 /* SQLConnection.swift */; };
		8A47524620C809C100DD81F3 /* SQLRequest.swift in Sources */ = {isa = PBXBuildFile; fileRef = 8A47524520C809C100DD81F3 /* SQLRequest.swift */; };
		8A57F44520CA89190047B021 /* String+SQL.swift in Sources */ = {isa = PBXBuildFile; fileRef = 8A57F44420CA89190047B021 /* String+SQL.swift */; };
		8A57F44720CA89890047B021 /* SQLStringSpecs.swift in Sources */ = {isa = PBXBuildFile; fileRef = 8A57F44620CA89890047B021 /* SQLStringSpecs.swift */; };
		8A57F44C20CE92E80047B021 /* Foundation+SQL.swift in Sources */ = {isa = PBXBuildFile; fileRef = 8A57F44B20CE92E80047B021 /* Foundation+SQL.swift */; };
		8A57F44E20CE93BA0047B021 /* SQLEventSpecs.swift in Sources */ = {isa = PBXBuildFile; fileRef = 8A57F44D20CE93BA0047B021 /* SQLEventSpecs.swift */; };
		8A57F45020CEB0670047B021 /* SQLDatabaseControllerSpecs.swift in Sources */ = {isa = PBXBuildFile; fileRef = 8A57F44F20CEB0670047B021 /* SQLDatabaseControllerSpecs.swift */; };
		C4D8751227EA93A59B626723 /* SQLDatabaseController.swift in Sources */ = {isa = PBXBuildFile; fileRef = C4D87042327DBA24BF57A684 /* SQLDatabaseController.swift */; };
		C4D876EEE32E6EA7F12C68AF /* Event+SQL.swift in Sources */ = {isa = PBXBuildFile; fileRef = C4D87D34BAB29EE42C0F1BC2 /* Event+SQL.swift */; };
		C4D87DFFE208B8627F1E8A8F /* FileManagerExtensions.swift in Sources */ = {isa = PBXBuildFile; fileRef = C4D878E11049EA01726EFA9B /* FileManagerExtensions.swift */; };
/* End PBXBuildFile section */

/* Begin PBXContainerItemProxy section */
		8A2AFAA420C92F1E002A0B2B /* PBXContainerItemProxy */ = {
			isa = PBXContainerItemProxy;
			containerPortal = 8AAA449920BE8E850055D7B9 /* Project object */;
			proxyType = 1;
			remoteGlobalIDString = 8A47521E20C7E9B700DD81F3;
			remoteInfo = "XrayKit-iOS";
		};
/* End PBXContainerItemProxy section */

/* Begin PBXCopyFilesBuildPhase section */
		8A2AFAB720C93DF7002A0B2B /* CopyFiles */ = {
			isa = PBXCopyFilesBuildPhase;
			buildActionMask = 2147483647;
			dstPath = "";
			dstSubfolderSpec = 10;
			files = (
				8A2AFAB820C93E1F002A0B2B /* Quick.framework in CopyFiles */,
				8A2AFABC20C93E34002A0B2B /* Nimble.framework in CopyFiles */,
				8A2AFABD20C93E34002A0B2B /* OHHTTPStubs.framework in CopyFiles */,
			);
			runOnlyForDeploymentPostprocessing = 0;
		};
/* End PBXCopyFilesBuildPhase section */

/* Begin PBXFileReference section */
		8A2AFA9E20C92F1E002A0B2B /* XrayKitTests.xctest */ = {isa = PBXFileReference; explicitFileType = wrapper.cfbundle; includeInIndex = 0; path = XrayKitTests.xctest; sourceTree = BUILT_PRODUCTS_DIR; };
		8A2AFAA020C92F1E002A0B2B /* XrayKitTests.swift */ = {isa = PBXFileReference; lastKnownFileType = sourcecode.swift; path = XrayKitTests.swift; sourceTree = "<group>"; };
		8A2AFAA220C92F1E002A0B2B /* Info.plist */ = {isa = PBXFileReference; lastKnownFileType = text.plist.xml; path = Info.plist; sourceTree = "<group>"; };
		8A2AFAAC20C936E6002A0B2B /* SQLConnectionSpecs.swift */ = {isa = PBXFileReference; lastKnownFileType = sourcecode.swift; path = SQLConnectionSpecs.swift; sourceTree = "<group>"; };
		8A2AFAAF20C9371C002A0B2B /* Quick.framework */ = {isa = PBXFileReference; lastKnownFileType = wrapper.framework; name = Quick.framework; path = Carthage/Build/iOS/Quick.framework; sourceTree = SOURCE_ROOT; };
		8A2AFAB020C9371C002A0B2B /* OHHTTPStubs.framework */ = {isa = PBXFileReference; lastKnownFileType = wrapper.framework; name = OHHTTPStubs.framework; path = Carthage/Build/iOS/OHHTTPStubs.framework; sourceTree = SOURCE_ROOT; };
		8A2AFAB120C9371C002A0B2B /* Nimble.framework */ = {isa = PBXFileReference; lastKnownFileType = wrapper.framework; name = Nimble.framework; path = Carthage/Build/iOS/Nimble.framework; sourceTree = SOURCE_ROOT; };
		8A47521F20C7E9B700DD81F3 /* XrayKit.framework */ = {isa = PBXFileReference; explicitFileType = wrapper.framework; includeInIndex = 0; path = XrayKit.framework; sourceTree = BUILT_PRODUCTS_DIR; };
		8A47522120C7E9B700DD81F3 /* XrayKit.h */ = {isa = PBXFileReference; lastKnownFileType = sourcecode.c.h; path = XrayKit.h; sourceTree = "<group>"; };
		8A47522220C7E9B700DD81F3 /* Info.plist */ = {isa = PBXFileReference; lastKnownFileType = text.plist.xml; path = Info.plist; sourceTree = "<group>"; };
		8A47522920C7EA0800DD81F3 /* XrayHTTPBuilder.swift */ = {isa = PBXFileReference; fileEncoding = 4; lastKnownFileType = sourcecode.swift; path = XrayHTTPBuilder.swift; sourceTree = "<group>"; };
		8A47522A20C7EA0800DD81F3 /* Xray.swift */ = {isa = PBXFileReference; fileEncoding = 4; lastKnownFileType = sourcecode.swift; path = Xray.swift; sourceTree = "<group>"; };
		8A47522B20C7EA0800DD81F3 /* DataPayload.swift */ = {isa = PBXFileReference; fileEncoding = 4; lastKnownFileType = sourcecode.swift; path = DataPayload.swift; sourceTree = "<group>"; };
		8A47522C20C7EA0800DD81F3 /* Event.swift */ = {isa = PBXFileReference; fileEncoding = 4; lastKnownFileType = sourcecode.swift; path = Event.swift; sourceTree = "<group>"; };
		8A47522D20C7EA0800DD81F3 /* EventService.swift */ = {isa = PBXFileReference; fileEncoding = 4; lastKnownFileType = sourcecode.swift; path = EventService.swift; sourceTree = "<group>"; };
		8A47522E20C7EA0800DD81F3 /* DataService.swift */ = {isa = PBXFileReference; fileEncoding = 4; lastKnownFileType = sourcecode.swift; path = DataService.swift; sourceTree = "<group>"; };
		8A47522F20C7EA0800DD81F3 /* HTTPTransmitter.swift */ = {isa = PBXFileReference; fileEncoding = 4; lastKnownFileType = sourcecode.swift; path = HTTPTransmitter.swift; sourceTree = "<group>"; };
		8A47523020C7EA0800DD81F3 /* EventController.swift */ = {isa = PBXFileReference; fileEncoding = 4; lastKnownFileType = sourcecode.swift; path = EventController.swift; sourceTree = "<group>"; };
		8A47523D20C7F5F400DD81F3 /* EventStore.swift */ = {isa = PBXFileReference; lastKnownFileType = sourcecode.swift; path = EventStore.swift; sourceTree = "<group>"; };
		8A47524020C8034300DD81F3 /* SQLTables.swift */ = {isa = PBXFileReference; lastKnownFileType = sourcecode.swift; path = SQLTables.swift; sourceTree = "<group>"; };
		8A47524220C803B200DD81F3 /* SQLConnection.swift */ = {isa = PBXFileReference; lastKnownFileType = sourcecode.swift; path = SQLConnection.swift; sourceTree = "<group>"; };
		8A47524520C809C100DD81F3 /* SQLRequest.swift */ = {isa = PBXFileReference; lastKnownFileType = sourcecode.swift; path = SQLRequest.swift; sourceTree = "<group>"; };
		8A57F44420CA89190047B021 /* String+SQL.swift */ = {isa = PBXFileReference; lastKnownFileType = sourcecode.swift; path = "String+SQL.swift"; sourceTree = "<group>"; };
		8A57F44620CA89890047B021 /* SQLStringSpecs.swift */ = {isa = PBXFileReference; lastKnownFileType = sourcecode.swift; path = SQLStringSpecs.swift; sourceTree = "<group>"; };
		8A57F44B20CE92E80047B021 /* Foundation+SQL.swift */ = {isa = PBXFileReference; lastKnownFileType = sourcecode.swift; path = "Foundation+SQL.swift"; sourceTree = "<group>"; };
		8A57F44D20CE93BA0047B021 /* SQLEventSpecs.swift */ = {isa = PBXFileReference; lastKnownFileType = sourcecode.swift; path = SQLEventSpecs.swift; sourceTree = "<group>"; };
		8A57F44F20CEB0670047B021 /* SQLDatabaseControllerSpecs.swift */ = {isa = PBXFileReference; lastKnownFileType = sourcecode.swift; path = SQLDatabaseControllerSpecs.swift; sourceTree = "<group>"; };
		C4D87042327DBA24BF57A684 /* SQLDatabaseController.swift */ = {isa = PBXFileReference; fileEncoding = 4; lastKnownFileType = sourcecode.swift; path = SQLDatabaseController.swift; sourceTree = "<group>"; };
		C4D878E11049EA01726EFA9B /* FileManagerExtensions.swift */ = {isa = PBXFileReference; fileEncoding = 4; lastKnownFileType = sourcecode.swift; path = FileManagerExtensions.swift; sourceTree = "<group>"; };
		C4D87D34BAB29EE42C0F1BC2 /* Event+SQL.swift */ = {isa = PBXFileReference; fileEncoding = 4; lastKnownFileType = sourcecode.swift; path = "Event+SQL.swift"; sourceTree = "<group>"; };
/* End PBXFileReference section */

/* Begin PBXFrameworksBuildPhase section */
		8A2AFA9B20C92F1E002A0B2B /* Frameworks */ = {
			isa = PBXFrameworksBuildPhase;
			buildActionMask = 2147483647;
			files = (
				8A2AFAA320C92F1E002A0B2B /* XrayKit.framework in Frameworks */,
				8A2AFAB920C93E28002A0B2B /* Quick.framework in Frameworks */,
				8A2AFABA20C93E31002A0B2B /* Nimble.framework in Frameworks */,
				8A2AFABB20C93E31002A0B2B /* OHHTTPStubs.framework in Frameworks */,
			);
			runOnlyForDeploymentPostprocessing = 0;
		};
		8A47521B20C7E9B700DD81F3 /* Frameworks */ = {
			isa = PBXFrameworksBuildPhase;
			buildActionMask = 2147483647;
			files = (
			);
			runOnlyForDeploymentPostprocessing = 0;
		};
/* End PBXFrameworksBuildPhase section */

/* Begin PBXGroup section */
		8A2AFA9F20C92F1E002A0B2B /* XrayKitTests */ = {
			isa = PBXGroup;
			children = (
				8A2AFAAE20C93707002A0B2B /* Frameworks */,
				8A2AFAAB20C936CD002A0B2B /* Store */,
				8A2AFAA020C92F1E002A0B2B /* XrayKitTests.swift */,
				8A2AFAA220C92F1E002A0B2B /* Info.plist */,
			);
			path = XrayKitTests;
			sourceTree = "<group>";
		};
		8A2AFAAB20C936CD002A0B2B /* Store */ = {
			isa = PBXGroup;
			children = (
				8A2AFAAC20C936E6002A0B2B /* SQLConnectionSpecs.swift */,
				8A57F44620CA89890047B021 /* SQLStringSpecs.swift */,
				8A57F44D20CE93BA0047B021 /* SQLEventSpecs.swift */,
				8A57F44F20CEB0670047B021 /* SQLDatabaseControllerSpecs.swift */,
			);
			name = Store;
			sourceTree = "<group>";
		};
		8A2AFAAE20C93707002A0B2B /* Frameworks */ = {
			isa = PBXGroup;
			children = (
				8A2AFAB120C9371C002A0B2B /* Nimble.framework */,
				8A2AFAB020C9371C002A0B2B /* OHHTTPStubs.framework */,
				8A2AFAAF20C9371C002A0B2B /* Quick.framework */,
			);
			name = Frameworks;
			sourceTree = "<group>";
		};
		8A2AFAB220C93728002A0B2B /* Frameworks */ = {
			isa = PBXGroup;
			children = (
			);
			name = Frameworks;
			sourceTree = "<group>";
		};
		8A47522020C7E9B700DD81F3 /* XrayKit */ = {
			isa = PBXGroup;
			children = (
				8A47522820C7E9F200DD81F3 /* Sources */,
				8A47522120C7E9B700DD81F3 /* XrayKit.h */,
				8A47522220C7E9B700DD81F3 /* Info.plist */,
			);
			path = XrayKit;
			sourceTree = "<group>";
		};
		8A47522820C7E9F200DD81F3 /* Sources */ = {
			isa = PBXGroup;
			children = (
				8A47523C20C7F5A100DD81F3 /* Store */,
				8A47523B20C7F56300DD81F3 /* Transmitters */,
				8A47523A20C7F54F00DD81F3 /* Data */,
				8A47523920C7F53900DD81F3 /* Events */,
				8A47522A20C7EA0800DD81F3 /* Xray.swift */,
				C4D87E71D2CD65EDF3970A6E /* Extensions */,
			);
			path = Sources;
			sourceTree = "<group>";
		};
		8A47523920C7F53900DD81F3 /* Events */ = {
			isa = PBXGroup;
			children = (
				8A47522C20C7EA0800DD81F3 /* Event.swift */,
				8A47523020C7EA0800DD81F3 /* EventController.swift */,
				8A47522D20C7EA0800DD81F3 /* EventService.swift */,
			);
			name = Events;
			sourceTree = "<group>";
		};
		8A47523A20C7F54F00DD81F3 /* Data */ = {
			isa = PBXGroup;
			children = (
				8A47522B20C7EA0800DD81F3 /* DataPayload.swift */,
				8A47522E20C7EA0800DD81F3 /* DataService.swift */,
			);
			name = Data;
			sourceTree = "<group>";
		};
		8A47523B20C7F56300DD81F3 /* Transmitters */ = {
			isa = PBXGroup;
			children = (
				8A47522920C7EA0800DD81F3 /* XrayHTTPBuilder.swift */,
				8A47522F20C7EA0800DD81F3 /* HTTPTransmitter.swift */,
			);
			name = Transmitters;
			sourceTree = "<group>";
		};
		8A47523C20C7F5A100DD81F3 /* Store */ = {
			isa = PBXGroup;
			children = (
				8A47523F20C7F64900DD81F3 /* SQL */,
				8A47523D20C7F5F400DD81F3 /* EventStore.swift */,
			);
			name = Store;
			sourceTree = "<group>";
		};
		8A47523F20C7F64900DD81F3 /* SQL */ = {
			isa = PBXGroup;
			children = (
				8A47524020C8034300DD81F3 /* SQLTables.swift */,
				8A47524220C803B200DD81F3 /* SQLConnection.swift */,
				C4D87042327DBA24BF57A684 /* SQLDatabaseController.swift */,
				8A47524520C809C100DD81F3 /* SQLRequest.swift */,
				8A57F44420CA89190047B021 /* String+SQL.swift */,
				C4D87D34BAB29EE42C0F1BC2 /* Event+SQL.swift */,
				8A57F44B20CE92E80047B021 /* Foundation+SQL.swift */,
			);
			name = SQL;
			sourceTree = "<group>";
		};
		8AAA449820BE8E850055D7B9 = {
			isa = PBXGroup;
			children = (
				8A47522020C7E9B700DD81F3 /* XrayKit */,
				8A2AFA9F20C92F1E002A0B2B /* XrayKitTests */,
				8AAA44A320BE8E850055D7B9 /* Products */,
				8A2AFAB220C93728002A0B2B /* Frameworks */,
			);
			sourceTree = "<group>";
		};
		8AAA44A320BE8E850055D7B9 /* Products */ = {
			isa = PBXGroup;
			children = (
				8A47521F20C7E9B700DD81F3 /* XrayKit.framework */,
				8A2AFA9E20C92F1E002A0B2B /* XrayKitTests.xctest */,
			);
			name = Products;
			sourceTree = "<group>";
		};
		C4D87E71D2CD65EDF3970A6E /* Extensions */ = {
			isa = PBXGroup;
			children = (
				C4D878E11049EA01726EFA9B /* FileManagerExtensions.swift */,
			);
			path = Extensions;
			sourceTree = "<group>";
		};
/* End PBXGroup section */

/* Begin PBXHeadersBuildPhase section */
		8A47521C20C7E9B700DD81F3 /* Headers */ = {
			isa = PBXHeadersBuildPhase;
			buildActionMask = 2147483647;
			files = (
				8A47522320C7E9B700DD81F3 /* XrayKit.h in Headers */,
			);
			runOnlyForDeploymentPostprocessing = 0;
		};
/* End PBXHeadersBuildPhase section */

/* Begin PBXNativeTarget section */
		8A2AFA9D20C92F1E002A0B2B /* XrayKitTests */ = {
			isa = PBXNativeTarget;
			buildConfigurationList = 8A2AFAA620C92F1E002A0B2B /* Build configuration list for PBXNativeTarget "XrayKitTests" */;
			buildPhases = (
				8A2AFA9A20C92F1E002A0B2B /* Sources */,
				8A2AFA9B20C92F1E002A0B2B /* Frameworks */,
				8A2AFA9C20C92F1E002A0B2B /* Resources */,
				8A2AFAB720C93DF7002A0B2B /* CopyFiles */,
			);
			buildRules = (
			);
			dependencies = (
				8A2AFAA520C92F1E002A0B2B /* PBXTargetDependency */,
			);
			name = XrayKitTests;
			productName = XrayKitTests;
			productReference = 8A2AFA9E20C92F1E002A0B2B /* XrayKitTests.xctest */;
			productType = "com.apple.product-type.bundle.unit-test";
		};
		8A47521E20C7E9B700DD81F3 /* XrayKit-iOS */ = {
			isa = PBXNativeTarget;
			buildConfigurationList = 8A47522420C7E9B700DD81F3 /* Build configuration list for PBXNativeTarget "XrayKit-iOS" */;
			buildPhases = (
				8A47521A20C7E9B700DD81F3 /* Sources */,
				8A47521B20C7E9B700DD81F3 /* Frameworks */,
				8A47521C20C7E9B700DD81F3 /* Headers */,
				8A47521D20C7E9B700DD81F3 /* Resources */,
				8A57F44820CE5D360047B021 /* SwiftLint */,
			);
			buildRules = (
			);
			dependencies = (
			);
			name = "XrayKit-iOS";
			productName = XrayKit;
			productReference = 8A47521F20C7E9B700DD81F3 /* XrayKit.framework */;
			productType = "com.apple.product-type.framework";
		};
/* End PBXNativeTarget section */

/* Begin PBXProject section */
		8AAA449920BE8E850055D7B9 /* Project object */ = {
			isa = PBXProject;
			attributes = {
				LastSwiftUpdateCheck = 0940;
				LastUpgradeCheck = 0930;
				ORGANIZATIONNAME = 360dialog;
				TargetAttributes = {
					8A2AFA9D20C92F1E002A0B2B = {
						CreatedOnToolsVersion = 9.4;
					};
					8A47521E20C7E9B700DD81F3 = {
						CreatedOnToolsVersion = 9.4;
						LastSwiftMigration = 0940;
					};
				};
			};
			buildConfigurationList = 8AAA449C20BE8E850055D7B9 /* Build configuration list for PBXProject "XrayKit" */;
			compatibilityVersion = "Xcode 9.3";
			developmentRegion = en;
			hasScannedForEncodings = 0;
			knownRegions = (
				en,
				Base,
			);
			mainGroup = 8AAA449820BE8E850055D7B9;
			productRefGroup = 8AAA44A320BE8E850055D7B9 /* Products */;
			projectDirPath = "";
			projectRoot = "";
			targets = (
				8A47521E20C7E9B700DD81F3 /* XrayKit-iOS */,
				8A2AFA9D20C92F1E002A0B2B /* XrayKitTests */,
			);
		};
/* End PBXProject section */

/* Begin PBXResourcesBuildPhase section */
		8A2AFA9C20C92F1E002A0B2B /* Resources */ = {
			isa = PBXResourcesBuildPhase;
			buildActionMask = 2147483647;
			files = (
			);
			runOnlyForDeploymentPostprocessing = 0;
		};
		8A47521D20C7E9B700DD81F3 /* Resources */ = {
			isa = PBXResourcesBuildPhase;
			buildActionMask = 2147483647;
			files = (
			);
			runOnlyForDeploymentPostprocessing = 0;
		};
/* End PBXResourcesBuildPhase section */

/* Begin PBXShellScriptBuildPhase section */
		8A57F44820CE5D360047B021 /* SwiftLint */ = {
			isa = PBXShellScriptBuildPhase;
			buildActionMask = 2147483647;
			files = (
			);
			inputPaths = (
			);
			name = SwiftLint;
			outputPaths = (
			);
			runOnlyForDeploymentPostprocessing = 0;
			shellPath = /bin/sh;
			shellScript = "if which swiftlint >/dev/null; then\nswiftlint\nelse\necho \"warning: SwiftLint not installed, download from https://github.com/realm/SwiftLint\"\nfi";
		};
/* End PBXShellScriptBuildPhase section */

/* Begin PBXSourcesBuildPhase section */
		8A2AFA9A20C92F1E002A0B2B /* Sources */ = {
			isa = PBXSourcesBuildPhase;
			buildActionMask = 2147483647;
			files = (
				8A2AFAA120C92F1E002A0B2B /* XrayKitTests.swift in Sources */,
				8A57F44720CA89890047B021 /* SQLStringSpecs.swift in Sources */,
				8A57F44E20CE93BA0047B021 /* SQLEventSpecs.swift in Sources */,
				8A2AFABF20C93E55002A0B2B /* SQLConnectionSpecs.swift in Sources */,
				8A57F45020CEB0670047B021 /* SQLDatabaseControllerSpecs.swift in Sources */,
			);
			runOnlyForDeploymentPostprocessing = 0;
		};
		8A47521A20C7E9B700DD81F3 /* Sources */ = {
			isa = PBXSourcesBuildPhase;
			buildActionMask = 2147483647;
			files = (
				8A47524620C809C100DD81F3 /* SQLRequest.swift in Sources */,
				8A57F44C20CE92E80047B021 /* Foundation+SQL.swift in Sources */,
				8A47524120C8034300DD81F3 /* SQLTables.swift in Sources */,
				8A47523420C7EA0800DD81F3 /* Event.swift in Sources */,
				8A47523720C7EA0800DD81F3 /* HTTPTransmitter.swift in Sources */,
				8A47524320C803B200DD81F3 /* SQLConnection.swift in Sources */,
				8A47523E20C7F5F400DD81F3 /* EventStore.swift in Sources */,
				8A57F44520CA89190047B021 /* String+SQL.swift in Sources */,
				8A47523120C7EA0800DD81F3 /* XrayHTTPBuilder.swift in Sources */,
				8A47523220C7EA0800DD81F3 /* Xray.swift in Sources */,
				8A47523620C7EA0800DD81F3 /* DataService.swift in Sources */,
				8A47523520C7EA0800DD81F3 /* EventService.swift in Sources */,
				8A47523820C7EA0800DD81F3 /* EventController.swift in Sources */,
				8A47523320C7EA0800DD81F3 /* DataPayload.swift in Sources */,
				C4D8751227EA93A59B626723 /* SQLDatabaseController.swift in Sources */,
				C4D876EEE32E6EA7F12C68AF /* Event+SQL.swift in Sources */,
				C4D87DFFE208B8627F1E8A8F /* FileManagerExtensions.swift in Sources */,
			);
			runOnlyForDeploymentPostprocessing = 0;
		};
/* End PBXSourcesBuildPhase section */

/* Begin PBXTargetDependency section */
		8A2AFAA520C92F1E002A0B2B /* PBXTargetDependency */ = {
			isa = PBXTargetDependency;
			target = 8A47521E20C7E9B700DD81F3 /* XrayKit-iOS */;
			targetProxy = 8A2AFAA420C92F1E002A0B2B /* PBXContainerItemProxy */;
		};
/* End PBXTargetDependency section */

/* Begin XCBuildConfiguration section */
		8A2AFAA720C92F1E002A0B2B /* Debug */ = {
			isa = XCBuildConfiguration;
			buildSettings = {
				CODE_SIGN_STYLE = Automatic;
				DEVELOPMENT_TEAM = G9MA9G2SST;
				FRAMEWORK_SEARCH_PATHS = (
					"$(inherited)",
					"$(PROJECT_DIR)/Carthage/Build/iOS",
				);
				INFOPLIST_FILE = XrayKitTests/Info.plist;
				IPHONEOS_DEPLOYMENT_TARGET = 11.4;
				LD_RUNPATH_SEARCH_PATHS = (
					"$(inherited)",
					"@executable_path/Frameworks",
					"@loader_path/Frameworks",
				);
				PRODUCT_BUNDLE_IDENTIFIER = io.xorc.XrayKitTests;
				PRODUCT_NAME = "$(TARGET_NAME)";
				SWIFT_VERSION = 4.0;
				TARGETED_DEVICE_FAMILY = "1,2";
			};
			name = Debug;
		};
		8A2AFAA820C92F1E002A0B2B /* Release */ = {
			isa = XCBuildConfiguration;
			buildSettings = {
				CODE_SIGN_STYLE = Automatic;
				DEVELOPMENT_TEAM = G9MA9G2SST;
				FRAMEWORK_SEARCH_PATHS = (
					"$(inherited)",
					"$(PROJECT_DIR)/Carthage/Build/iOS",
				);
				INFOPLIST_FILE = XrayKitTests/Info.plist;
				IPHONEOS_DEPLOYMENT_TARGET = 11.4;
				LD_RUNPATH_SEARCH_PATHS = (
					"$(inherited)",
					"@executable_path/Frameworks",
					"@loader_path/Frameworks",
				);
				PRODUCT_BUNDLE_IDENTIFIER = io.xorc.XrayKitTests;
				PRODUCT_NAME = "$(TARGET_NAME)";
				SWIFT_VERSION = 4.0;
				TARGETED_DEVICE_FAMILY = "1,2";
			};
			name = Release;
		};
		8A47522520C7E9B700DD81F3 /* Debug */ = {
			isa = XCBuildConfiguration;
			buildSettings = {
				CLANG_ENABLE_MODULES = YES;
				CODE_SIGN_IDENTITY = "";
				CODE_SIGN_STYLE = Automatic;
				DEFINES_MODULE = YES;
				DEVELOPMENT_TEAM = G9MA9G2SST;
				DYLIB_COMPATIBILITY_VERSION = 1;
				DYLIB_CURRENT_VERSION = 1;
				DYLIB_INSTALL_NAME_BASE = "@rpath";
				FRAMEWORK_SEARCH_PATHS = (
					"$(inherited)",
					"$(PROJECT_DIR)/Carthage/Build/iOS",
				);
				INFOPLIST_FILE = XrayKit/Info.plist;
				INSTALL_PATH = "$(LOCAL_LIBRARY_DIR)/Frameworks";
				IPHONEOS_DEPLOYMENT_TARGET = 10.0;
				LD_RUNPATH_SEARCH_PATHS = (
					"$(inherited)",
					"@executable_path/Frameworks",
					"@loader_path/Frameworks",
				);
				PRODUCT_BUNDLE_IDENTIFIER = io.xorc.XrayKit;
				PRODUCT_NAME = XrayKit;
				SKIP_INSTALL = YES;
				SWIFT_OPTIMIZATION_LEVEL = "-Onone";
				SWIFT_VERSION = 4.0;
				TARGETED_DEVICE_FAMILY = "1,2";
			};
			name = Debug;
		};
		8A47522620C7E9B700DD81F3 /* Release */ = {
			isa = XCBuildConfiguration;
			buildSettings = {
				CLANG_ENABLE_MODULES = YES;
				CODE_SIGN_IDENTITY = "";
				CODE_SIGN_STYLE = Automatic;
				DEFINES_MODULE = YES;
				DEVELOPMENT_TEAM = G9MA9G2SST;
				DYLIB_COMPATIBILITY_VERSION = 1;
				DYLIB_CURRENT_VERSION = 1;
				DYLIB_INSTALL_NAME_BASE = "@rpath";
				FRAMEWORK_SEARCH_PATHS = (
					"$(inherited)",
					"$(PROJECT_DIR)/Carthage/Build/iOS",
				);
				INFOPLIST_FILE = XrayKit/Info.plist;
				INSTALL_PATH = "$(LOCAL_LIBRARY_DIR)/Frameworks";
				IPHONEOS_DEPLOYMENT_TARGET = 10.0;
				LD_RUNPATH_SEARCH_PATHS = (
					"$(inherited)",
					"@executable_path/Frameworks",
					"@loader_path/Frameworks",
				);
				PRODUCT_BUNDLE_IDENTIFIER = io.xorc.XrayKit;
				PRODUCT_NAME = XrayKit;
				SKIP_INSTALL = YES;
				SWIFT_VERSION = 4.0;
				TARGETED_DEVICE_FAMILY = "1,2";
			};
			name = Release;
		};
		8AAA44A820BE8E850055D7B9 /* Debug */ = {
			isa = XCBuildConfiguration;
			buildSettings = {
				ALWAYS_SEARCH_USER_PATHS = NO;
				CLANG_ANALYZER_NONNULL = YES;
				CLANG_ANALYZER_NUMBER_OBJECT_CONVERSION = YES_AGGRESSIVE;
				CLANG_CXX_LANGUAGE_STANDARD = "gnu++14";
				CLANG_CXX_LIBRARY = "libc++";
				CLANG_ENABLE_MODULES = YES;
				CLANG_ENABLE_OBJC_ARC = YES;
				CLANG_ENABLE_OBJC_WEAK = YES;
				CLANG_WARN_BLOCK_CAPTURE_AUTORELEASING = YES;
				CLANG_WARN_BOOL_CONVERSION = YES;
				CLANG_WARN_COMMA = YES;
				CLANG_WARN_CONSTANT_CONVERSION = YES;
				CLANG_WARN_DEPRECATED_OBJC_IMPLEMENTATIONS = YES;
				CLANG_WARN_DIRECT_OBJC_ISA_USAGE = YES_ERROR;
				CLANG_WARN_DOCUMENTATION_COMMENTS = YES;
				CLANG_WARN_EMPTY_BODY = YES;
				CLANG_WARN_ENUM_CONVERSION = YES;
				CLANG_WARN_INFINITE_RECURSION = YES;
				CLANG_WARN_INT_CONVERSION = YES;
				CLANG_WARN_NON_LITERAL_NULL_CONVERSION = YES;
				CLANG_WARN_OBJC_IMPLICIT_RETAIN_SELF = YES;
				CLANG_WARN_OBJC_LITERAL_CONVERSION = YES;
				CLANG_WARN_OBJC_ROOT_CLASS = YES_ERROR;
				CLANG_WARN_RANGE_LOOP_ANALYSIS = YES;
				CLANG_WARN_STRICT_PROTOTYPES = YES;
				CLANG_WARN_SUSPICIOUS_MOVE = YES;
				CLANG_WARN_UNGUARDED_AVAILABILITY = YES_AGGRESSIVE;
				CLANG_WARN_UNREACHABLE_CODE = YES;
				CLANG_WARN__DUPLICATE_METHOD_MATCH = YES;
				CODE_SIGN_IDENTITY = "iPhone Developer";
				COPY_PHASE_STRIP = NO;
				CURRENT_PROJECT_VERSION = 1;
				DEBUG_INFORMATION_FORMAT = dwarf;
				ENABLE_STRICT_OBJC_MSGSEND = YES;
				ENABLE_TESTABILITY = YES;
				GCC_C_LANGUAGE_STANDARD = gnu11;
				GCC_DYNAMIC_NO_PIC = NO;
				GCC_NO_COMMON_BLOCKS = YES;
				GCC_OPTIMIZATION_LEVEL = 0;
				GCC_PREPROCESSOR_DEFINITIONS = (
					"DEBUG=1",
					"$(inherited)",
				);
				GCC_WARN_64_TO_32_BIT_CONVERSION = YES;
				GCC_WARN_ABOUT_RETURN_TYPE = YES_ERROR;
				GCC_WARN_UNDECLARED_SELECTOR = YES;
				GCC_WARN_UNINITIALIZED_AUTOS = YES_AGGRESSIVE;
				GCC_WARN_UNUSED_FUNCTION = YES;
				GCC_WARN_UNUSED_VARIABLE = YES;
				IPHONEOS_DEPLOYMENT_TARGET = 11.3;
				MTL_ENABLE_DEBUG_INFO = YES;
				ONLY_ACTIVE_ARCH = YES;
				SDKROOT = iphoneos;
				SWIFT_ACTIVE_COMPILATION_CONDITIONS = DEBUG;
				SWIFT_OPTIMIZATION_LEVEL = "-Onone";
				VERSIONING_SYSTEM = "apple-generic";
				VERSION_INFO_PREFIX = "";
			};
			name = Debug;
		};
		8AAA44A920BE8E850055D7B9 /* Release */ = {
			isa = XCBuildConfiguration;
			buildSettings = {
				ALWAYS_SEARCH_USER_PATHS = NO;
				CLANG_ANALYZER_NONNULL = YES;
				CLANG_ANALYZER_NUMBER_OBJECT_CONVERSION = YES_AGGRESSIVE;
				CLANG_CXX_LANGUAGE_STANDARD = "gnu++14";
				CLANG_CXX_LIBRARY = "libc++";
				CLANG_ENABLE_MODULES = YES;
				CLANG_ENABLE_OBJC_ARC = YES;
				CLANG_ENABLE_OBJC_WEAK = YES;
				CLANG_WARN_BLOCK_CAPTURE_AUTORELEASING = YES;
				CLANG_WARN_BOOL_CONVERSION = YES;
				CLANG_WARN_COMMA = YES;
				CLANG_WARN_CONSTANT_CONVERSION = YES;
				CLANG_WARN_DEPRECATED_OBJC_IMPLEMENTATIONS = YES;
				CLANG_WARN_DIRECT_OBJC_ISA_USAGE = YES_ERROR;
				CLANG_WARN_DOCUMENTATION_COMMENTS = YES;
				CLANG_WARN_EMPTY_BODY = YES;
				CLANG_WARN_ENUM_CONVERSION = YES;
				CLANG_WARN_INFINITE_RECURSION = YES;
				CLANG_WARN_INT_CONVERSION = YES;
				CLANG_WARN_NON_LITERAL_NULL_CONVERSION = YES;
				CLANG_WARN_OBJC_IMPLICIT_RETAIN_SELF = YES;
				CLANG_WARN_OBJC_LITERAL_CONVERSION = YES;
				CLANG_WARN_OBJC_ROOT_CLASS = YES_ERROR;
				CLANG_WARN_RANGE_LOOP_ANALYSIS = YES;
				CLANG_WARN_STRICT_PROTOTYPES = YES;
				CLANG_WARN_SUSPICIOUS_MOVE = YES;
				CLANG_WARN_UNGUARDED_AVAILABILITY = YES_AGGRESSIVE;
				CLANG_WARN_UNREACHABLE_CODE = YES;
				CLANG_WARN__DUPLICATE_METHOD_MATCH = YES;
				CODE_SIGN_IDENTITY = "iPhone Developer";
				COPY_PHASE_STRIP = NO;
				CURRENT_PROJECT_VERSION = 1;
				DEBUG_INFORMATION_FORMAT = "dwarf-with-dsym";
				ENABLE_NS_ASSERTIONS = NO;
				ENABLE_STRICT_OBJC_MSGSEND = YES;
				GCC_C_LANGUAGE_STANDARD = gnu11;
				GCC_NO_COMMON_BLOCKS = YES;
				GCC_WARN_64_TO_32_BIT_CONVERSION = YES;
				GCC_WARN_ABOUT_RETURN_TYPE = YES_ERROR;
				GCC_WARN_UNDECLARED_SELECTOR = YES;
				GCC_WARN_UNINITIALIZED_AUTOS = YES_AGGRESSIVE;
				GCC_WARN_UNUSED_FUNCTION = YES;
				GCC_WARN_UNUSED_VARIABLE = YES;
				IPHONEOS_DEPLOYMENT_TARGET = 11.3;
				MTL_ENABLE_DEBUG_INFO = NO;
				SDKROOT = iphoneos;
				SWIFT_COMPILATION_MODE = wholemodule;
				SWIFT_OPTIMIZATION_LEVEL = "-O";
				VALIDATE_PRODUCT = YES;
				VERSIONING_SYSTEM = "apple-generic";
				VERSION_INFO_PREFIX = "";
			};
			name = Release;
		};
/* End XCBuildConfiguration section */

/* Begin XCConfigurationList section */
		8A2AFAA620C92F1E002A0B2B /* Build configuration list for PBXNativeTarget "XrayKitTests" */ = {
			isa = XCConfigurationList;
			buildConfigurations = (
				8A2AFAA720C92F1E002A0B2B /* Debug */,
				8A2AFAA820C92F1E002A0B2B /* Release */,
			);
			defaultConfigurationIsVisible = 0;
			defaultConfigurationName = Release;
		};
		8A47522420C7E9B700DD81F3 /* Build configuration list for PBXNativeTarget "XrayKit-iOS" */ = {
			isa = XCConfigurationList;
			buildConfigurations = (
				8A47522520C7E9B700DD81F3 /* Debug */,
				8A47522620C7E9B700DD81F3 /* Release */,
			);
			defaultConfigurationIsVisible = 0;
			defaultConfigurationName = Release;
		};
		8AAA449C20BE8E850055D7B9 /* Build configuration list for PBXProject "XrayKit" */ = {
			isa = XCConfigurationList;
			buildConfigurations = (
				8AAA44A820BE8E850055D7B9 /* Debug */,
				8AAA44A920BE8E850055D7B9 /* Release */,
			);
			defaultConfigurationIsVisible = 0;
			defaultConfigurationName = Release;
		};
/* End XCConfigurationList section */
	};
	rootObject = 8AAA449920BE8E850055D7B9 /* Project object */;
}
